
Microsoft Visual Studio Solution File, Format Version 12.00
# Visual Studio Version 17
VisualStudioVersion = 17.14.36623.8 d17.14
MinimumVisualStudioVersion = 10.0.40219.1
Project("{FAE04EC0-301F-11D3-BF4B-00C04F79EFBC}") = "WhisperAttack", "WhisperAttack.csproj", "{E4003FEC-7629-4A6A-A7FE-E012406BB98B}"
EndProject
Global
	GlobalSection(SolutionConfigurationPlatforms) = preSolution
		Debug|Any CPU = Debug|Any CPU
		Release|Any CPU = Release|Any CPU
	EndGlobalSection
	GlobalSection(ProjectConfigurationPlatforms) = postSolution
		{E4003FEC-7629-4A6A-A7FE-E012406BB98B}.Debug|Any CPU.ActiveCfg = Debug|Any CPU
		{E4003FEC-7629-4A6A-A7FE-E012406BB98B}.Debug|Any CPU.Build.0 = Debug|Any CPU
		{E4003FEC-7629-4A6A-A7FE-E012406BB98B}.Release|Any CPU.ActiveCfg = Release|Any CPU
		{E4003FEC-7629-4A6A-A7FE-E012406BB98B}.Release|Any CPU.Build.0 = Release|Any CPU
	EndGlobalSection
	GlobalSection(SolutionProperties) = preSolution
		HideSolutionNode = FALSE
	EndGlobalSection
	GlobalSection(ExtensibilityGlobals) = postSolution
		SolutionGuid = {57FDF13E-DA85-45AC-B98A-F06B1E5F3C78}
	EndGlobalSection
EndGlobal
